{
  "name": "gatsby-enterprise",
  "version": "1.0.0",
  "lockfileVersion": 1,
  "requires": true,
  "dependencies": {
    "@babel/runtime": {
      "version": "7.2.0",
      "resolved": "https://registry.npmjs.org/@babel/runtime/-/runtime-7.2.0.tgz",
      "integrity": "sha512-oouEibCbHMVdZSDlJBO6bZmID/zA/G/Qx3H1d3rSNPTD+L8UNKvCat7aKWSJ74zYbm5zWGh0GQN0hKj8zYFTCg==",
      "dev": true,
      "requires": {
        "regenerator-runtime": "^0.12.0"
      },
      "dependencies": {
        "regenerator-runtime": {
          "version": "0.12.1",
          "resolved": "https://registry.npmjs.org/regenerator-runtime/-/regenerator-runtime-0.12.1.tgz",
          "integrity": "sha512-odxIc1/vDlo4iZcfXqRYFj0vpXFNoGdKMAUieAlFYO6m/nl5e9KR/beGf41z4a1FI+aQgtjhuaSlDxQ0hmkrHg==",
          "dev": true
        }
      }
    },
    "@emotion/cache": {
      "version": "0.8.8",
      "resolved": "https://registry.npmjs.org/@emotion/cache/-/cache-0.8.8.tgz",
      "integrity": "sha512-yaQQjNAVkKclMX6D8jTU3rhQKjCnXU1KS+Ok0lgZcarGHI2yydU/kKHyF3PZnQhbTpIFBK5W4+HmLCtCie7ESw==",
      "dev": true,
      "requires": {
        "@emotion/sheet": "^0.8.1",
        "@emotion/stylis": "^0.7.1",
        "@emotion/utils": "^0.8.2"
      }
    },
    "@emotion/core": {
      "version": "0.13.1",
      "resolved": "https://registry.npmjs.org/@emotion/core/-/core-0.13.1.tgz",
      "integrity": "sha512-5qzKP6bTe2Ah7Wvh1sgtzgy6ycdpxwgMAjQ/K/VxvqBxveG9PCpq+Z0GdVg7Houb1AwYjTfNtXstjSk4sqi/7g==",
      "dev": true,
      "requires": {
        "@emotion/cache": "^0.8.8",
        "@emotion/css": "^0.9.8",
        "@emotion/serialize": "^0.9.1",
        "@emotion/sheet": "^0.8.1",
        "@emotion/utils": "^0.8.2"
      }
    },
    "@emotion/css": {
      "version": "0.9.8",
      "resolved": "https://registry.npmjs.org/@emotion/css/-/css-0.9.8.tgz",
      "integrity": "sha512-Stov3+9+KWZAte/ED9Hts3r4DVBADd5erDrhrywokM31ctQsRPD3qk8W4d1ca48ry57g/nc0qUHNis/xd1SoFg==",
      "dev": true,
      "requires": {
        "@emotion/serialize": "^0.9.1",
        "@emotion/utils": "^0.8.2"
      }
    },
    "@emotion/hash": {
      "version": "0.6.6",
      "resolved": "https://registry.npmjs.org/@emotion/hash/-/hash-0.6.6.tgz",
      "integrity": "sha512-ojhgxzUHZ7am3D2jHkMzPpsBAiB005GF5YU4ea+8DNPybMk01JJUM9V9YRlF/GE95tcOm8DxQvWA2jq19bGalQ==",
      "dev": true
    },
    "@emotion/is-prop-valid": {
      "version": "0.6.8",
      "resolved": "https://registry.npmjs.org/@emotion/is-prop-valid/-/is-prop-valid-0.6.8.tgz",
      "integrity": "sha512-IMSL7ekYhmFlILXcouA6ket3vV7u9BqStlXzbKOF9HBtpUPMMlHU+bBxrLOa2NvleVwNIxeq/zL8LafLbeUXcA==",
      "dev": true,
      "requires": {
        "@emotion/memoize": "^0.6.6"
      }
    },
    "@emotion/memoize": {
      "version": "0.6.6",
      "resolved": "https://registry.npmjs.org/@emotion/memoize/-/memoize-0.6.6.tgz",
      "integrity": "sha512-h4t4jFjtm1YV7UirAFuSuFGyLa+NNxjdkq6DpFLANNQY5rHueFZHVY+8Cu1HYVP6DrheB0kv4m5xPjo7eKT7yQ==",
      "dev": true
    },
    "@emotion/provider": {
      "version": "0.11.2",
      "resolved": "https://registry.npmjs.org/@emotion/provider/-/provider-0.11.2.tgz",
      "integrity": "sha512-y/BRd6cJ9tyxsy4EK8WheD2X1/RfmudMYILpa8sgI3dKCjVWeEZuQM17wXRVEyhrisaRaIp1qT4h0eWUaaqNLg==",
      "dev": true,
      "requires": {
        "@emotion/cache": "^0.8.8",
        "@emotion/weak-memoize": "^0.1.3"
      }
    },
    "@emotion/serialize": {
      "version": "0.9.1",
      "resolved": "https://registry.npmjs.org/@emotion/serialize/-/serialize-0.9.1.tgz",
      "integrity": "sha512-zTuAFtyPvCctHBEL8KZ5lJuwBanGSutFEncqLn/m9T1a6a93smBStK+bZzcNPgj4QS8Rkw9VTwJGhRIUVO8zsQ==",
      "dev": true,
      "requires": {
        "@emotion/hash": "^0.6.6",
        "@emotion/memoize": "^0.6.6",
        "@emotion/unitless": "^0.6.7",
        "@emotion/utils": "^0.8.2"
      }
    },
    "@emotion/sheet": {
      "version": "0.8.1",
      "resolved": "https://registry.npmjs.org/@emotion/sheet/-/sheet-0.8.1.tgz",
      "integrity": "sha512-p82hFBHbNkPLZ410HOeaRJZMrN1uh9rI7JAaRXIp62PP5evspPXyi3xYtxZc1+sCSlwjnQPuOIa6N88iJNtPXw==",
      "dev": true
    },
    "@emotion/styled": {
      "version": "0.10.6",
      "resolved": "https://registry.npmjs.org/@emotion/styled/-/styled-0.10.6.tgz",
      "integrity": "sha512-DFNW8jlMjy1aYCj/PKsvBoJVZAQXzjmSCwtKXLs31qZzNPaUEPbTYSIKnMUtIiAOYsu0pUTGXM+l0a+MYNm4lA==",
      "dev": true,
      "requires": {
        "@emotion/styled-base": "^0.10.6"
      }
    },
    "@emotion/styled-base": {
      "version": "0.10.6",
      "resolved": "https://registry.npmjs.org/@emotion/styled-base/-/styled-base-0.10.6.tgz",
      "integrity": "sha512-7RfdJm2oEXiy3isFRY63mHRmWWjScFXFoZTFkCJPaL8NhX+H724WwIoQOt3WA1Jd+bb97xkJg31JbYYsSqnEaQ==",
      "dev": true,
      "requires": {
        "@emotion/is-prop-valid": "^0.6.8",
        "@emotion/serialize": "^0.9.1",
        "@emotion/utils": "^0.8.2"
      }
    },
    "@emotion/stylis": {
      "version": "0.7.1",
      "resolved": "https://registry.npmjs.org/@emotion/stylis/-/stylis-0.7.1.tgz",
      "integrity": "sha512-/SLmSIkN13M//53TtNxgxo57mcJk/UJIDFRKwOiLIBEyBHEcipgR6hNMQ/59Sl4VjCJ0Z/3zeAZyvnSLPG/1HQ==",
      "dev": true
    },
    "@emotion/unitless": {
      "version": "0.6.7",
      "resolved": "https://registry.npmjs.org/@emotion/unitless/-/unitless-0.6.7.tgz",
      "integrity": "sha512-Arj1hncvEVqQ2p7Ega08uHLr1JuRYBuO5cIvcA+WWEQ5+VmkOE3ZXzl04NbQxeQpWX78G7u6MqxKuNX3wvYZxg==",
      "dev": true
    },
    "@emotion/utils": {
      "version": "0.8.2",
      "resolved": "https://registry.npmjs.org/@emotion/utils/-/utils-0.8.2.tgz",
      "integrity": "sha512-rLu3wcBWH4P5q1CGoSSH/i9hrXs7SlbRLkoq9IGuoPYNGQvDJ3pt/wmOM+XgYjIDRMVIdkUWt0RsfzF50JfnCw==",
      "dev": true
    },
    "@emotion/weak-memoize": {
      "version": "0.1.3",
      "resolved": "https://registry.npmjs.org/@emotion/weak-memoize/-/weak-memoize-0.1.3.tgz",
      "integrity": "sha512-QsYGKdhhuDFNq7bjm2r44y0mp5xW3uO3csuTPDWZc0OIiMQv+AIY5Cqwd4mJiC5N8estVl7qlvOx1hbtOuUWbw==",
      "dev": true
    },
    "@storybook/addon-notes": {
      "version": "4.1.4",
      "resolved": "https://registry.npmjs.org/@storybook/addon-notes/-/addon-notes-4.1.4.tgz",
      "integrity": "sha512-vhAnOtpALQ0C5qHEhloHNp7gIjFS1li/VBr0C1/UCU55kgFbQ4kjuwH1F+ptJJlvCOu2h4/Q0WkLs4S3KFhAfw==",
      "dev": true,
      "requires": {
        "@emotion/styled": "^0.10.6",
        "@storybook/addons": "4.1.4",
        "core-js": "^2.5.7",
        "marked": "^0.5.2",
        "prop-types": "^15.6.2"
      }
    },
    "@storybook/addons": {
      "version": "4.1.4",
      "resolved": "https://registry.npmjs.org/@storybook/addons/-/addons-4.1.4.tgz",
      "integrity": "sha512-h91OXr9eFx3ilST+4rpXpPB3Y6gnJ/ZBps84cgZ69coffTeYfzNHPB1Fu2RVsB1skdSFTF/TnB1bAEzYNZ2cDQ==",
      "dev": true,
      "requires": {
        "@storybook/channels": "4.1.4",
        "@storybook/components": "4.1.4",
        "global": "^4.3.2",
        "util-deprecate": "^1.0.2"
      }
    },
    "@storybook/channels": {
      "version": "4.1.4",
      "resolved": "https://registry.npmjs.org/@storybook/channels/-/channels-4.1.4.tgz",
      "integrity": "sha512-tXKSz58p4o1CiRL9VNUfgMuNeuyUkLLyBfK0tAY0Co370BTfUvMq7clG65+nPj+rdb7foYQQKpnwGYdMVzuzsg==",
      "dev": true
    },
    "@storybook/components": {
      "version": "4.1.4",
      "resolved": "https://registry.npmjs.org/@storybook/components/-/components-4.1.4.tgz",
      "integrity": "sha512-H0SMPt/zF1zfyCqUTwx0RcaRbviiz9vdxXWO4jURfgULhGpP+mQRXz0KUn2k7s/RMerTtpB4/DKNKm0zDylcNQ==",
      "dev": true,
      "requires": {
        "@emotion/core": "^0.13.1",
        "@emotion/provider": "^0.11.2",
        "@emotion/styled": "^0.10.6",
        "global": "^4.3.2",
        "lodash": "^4.17.11",
        "prop-types": "^15.6.2",
        "react-inspector": "^2.3.0",
        "react-split-pane": "^0.1.84",
        "react-textarea-autosize": "^7.0.4",
        "render-fragment": "^0.1.1"
      }
    },
    "accept": {
      "version": "3.1.3",
      "resolved": "https://registry.npmjs.org/accept/-/accept-3.1.3.tgz",
      "integrity": "sha512-OgOEAidVEOKPup+Gv2+2wdH2AgVKI9LxsJ4hicdJ6cY0faUuZdZoi56kkXWlHp9qicN1nWQLmW5ZRGk+SBS5xg==",
      "requires": {
        "boom": "7.x.x",
        "hoek": "6.x.x"
      }
    },
    "ammo": {
      "version": "3.0.3",
      "resolved": "https://registry.npmjs.org/ammo/-/ammo-3.0.3.tgz",
      "integrity": "sha512-vo76VJ44MkUBZL/BzpGXaKzMfroF4ZR6+haRuw9p+eSWfoNaH2AxVc8xmiEPC08jhzJSeM6w7/iMUGet8b4oBQ==",
      "requires": {
        "hoek": "6.x.x"
      }
    },
    "b64": {
      "version": "4.1.2",
      "resolved": "https://registry.npmjs.org/b64/-/b64-4.1.2.tgz",
      "integrity": "sha512-+GUspBxlH3CJaxMUGUE1EBoWM6RKgWiYwUDal0qdf8m3ArnXNN1KzKVo5HOnE/FSq4HHyWf3TlHLsZI8PKQgrQ==",
      "requires": {
        "hoek": "6.x.x"
      }
    },
    "babel-runtime": {
      "version": "6.26.0",
      "resolved": "https://registry.npmjs.org/babel-runtime/-/babel-runtime-6.26.0.tgz",
      "integrity": "sha1-llxwWGaOgrVde/4E/yM3vItWR/4=",
      "dev": true,
      "requires": {
        "core-js": "^2.4.0",
        "regenerator-runtime": "^0.11.0"
      }
    },
    "big-time": {
      "version": "2.0.1",
      "resolved": "https://registry.npmjs.org/big-time/-/big-time-2.0.1.tgz",
      "integrity": "sha1-aMffjcMPl+lT8lpnp2rJcTwWyd4="
    },
    "boom": {
      "version": "7.3.0",
      "resolved": "https://registry.npmjs.org/boom/-/boom-7.3.0.tgz",
      "integrity": "sha512-Swpoyi2t5+GhOEGw8rEsKvTxFLIDiiKoUc2gsoV6Lyr43LHBIzch3k2MvYUs8RTROrIkVJ3Al0TkaOGjnb+B6A==",
      "requires": {
        "hoek": "6.x.x"
      }
    },
    "bounce": {
      "version": "1.2.3",
      "resolved": "https://registry.npmjs.org/bounce/-/bounce-1.2.3.tgz",
      "integrity": "sha512-3G7B8CyBnip5EahCZJjnvQ1HLyArC6P5e+xcolo13BVI9ogFaDOsNMAE7FIWliHtIkYI8/nTRCvCY9tZa3Mu4g==",
      "requires": {
        "boom": "7.x.x",
        "hoek": "6.x.x"
      }
    },
    "call": {
      "version": "5.0.3",
      "resolved": "https://registry.npmjs.org/call/-/call-5.0.3.tgz",
      "integrity": "sha512-eX16KHiAYXugbFu6VifstSdwH6aMuWWb4s0qvpq1nR1b+Sf+u68jjttg8ixDBEldPqBi30bDU35OJQWKeTLKxg==",
      "requires": {
        "boom": "7.x.x",
        "hoek": "6.x.x"
      }
    },
    "catbox": {
      "version": "10.0.6",
      "resolved": "https://registry.npmjs.org/catbox/-/catbox-10.0.6.tgz",
      "integrity": "sha512-gQWCnF/jbHcfwGbQ4FQxyRiAwLRipqWTTXjpq7rTqqdcsnZosFa0L3LsCZcPTF33QIeMMkS7QmFBHt6QdzGPvg==",
      "requires": {
        "boom": "7.x.x",
        "hoek": "6.x.x",
        "joi": "14.x.x"
      }
    },
    "catbox-memory": {
      "version": "3.1.4",
      "resolved": "https://registry.npmjs.org/catbox-memory/-/catbox-memory-3.1.4.tgz",
      "integrity": "sha512-1tDnll066au0HXBSDHS/YQ34MQ2omBsmnA9g/jseyq/M3m7UPrajVtPDZK/rXgikSC1dfjo9Pa+kQ1qcyG2d3g==",
      "requires": {
        "big-time": "2.x.x",
        "boom": "7.x.x",
        "hoek": "6.x.x"
      }
    },
    "content": {
      "version": "4.0.6",
      "resolved": "https://registry.npmjs.org/content/-/content-4.0.6.tgz",
      "integrity": "sha512-lR9ND3dXiMdmsE84K6l02rMdgiBVmtYWu1Vr/gfSGHcIcznBj2QxmSdUgDuNFOA+G9yrb1IIWkZ7aKtB6hDGyA==",
      "requires": {
        "boom": "7.x.x"
      }
    },
    "core-js": {
      "version": "2.6.1",
      "resolved": "https://registry.npmjs.org/core-js/-/core-js-2.6.1.tgz",
      "integrity": "sha512-L72mmmEayPJBejKIWe2pYtGis5r0tQ5NaJekdhyXgeMQTpJoBsH0NL4ElY2LfSoV15xeQWKQ+XTTOZdyero5Xg==",
      "dev": true
    },
    "cryptiles": {
      "version": "4.1.3",
      "resolved": "https://registry.npmjs.org/cryptiles/-/cryptiles-4.1.3.tgz",
      "integrity": "sha512-gT9nyTMSUC1JnziQpPbxKGBbUg8VL7Zn2NB4E1cJYvuXdElHrwxrV9bmltZGDzet45zSDGyYceueke1TjynGzw==",
      "requires": {
        "boom": "7.x.x"
      }
    },
    "dom-walk": {
      "version": "0.1.1",
      "resolved": "https://registry.npmjs.org/dom-walk/-/dom-walk-0.1.1.tgz",
      "integrity": "sha1-ZyIm3HTI95mtNTB9+TaroRrNYBg=",
      "dev": true
    },
    "global": {
      "version": "4.3.2",
      "resolved": "https://registry.npmjs.org/global/-/global-4.3.2.tgz",
      "integrity": "sha1-52mJJopsdMOJCLEwWxD8DjlOnQ8=",
      "dev": true,
      "requires": {
        "min-document": "^2.19.0",
        "process": "~0.5.1"
      }
    },
    "hapi": {
      "version": "17.8.1",
      "requires": {
        "accept": "3.x.x",
        "ammo": "3.x.x",
        "boom": "7.x.x",
        "bounce": "1.x.x",
        "call": "5.x.x",
        "catbox": "10.x.x",
        "catbox-memory": "3.x.x",
        "heavy": "6.x.x",
        "hoek": "6.x.x",
        "joi": "14.x.x",
        "mimos": "4.x.x",
        "podium": "3.x.x",
        "shot": "4.x.x",
        "somever": "2.x.x",
        "statehood": "6.x.x",
        "subtext": "6.x.x",
        "teamwork": "3.x.x",
        "topo": "3.x.x"
      }
    },
    "heavy": {
      "version": "6.1.2",
      "resolved": "https://registry.npmjs.org/heavy/-/heavy-6.1.2.tgz",
      "integrity": "sha512-cJp884bqhiebNcEHydW0g6V1MUGYOXRPw9c7MFiHQnuGxtbWuSZpsbojwb2kxb3AA1/Rfs8CNiV9MMOF8pFRDg==",
      "requires": {
        "boom": "7.x.x",
        "hoek": "6.x.x",
        "joi": "14.x.x"
      }
    },
    "hoek": {
      "version": "6.1.2",
      "resolved": "https://registry.npmjs.org/hoek/-/hoek-6.1.2.tgz",
      "integrity": "sha512-6qhh/wahGYZHFSFw12tBbJw5fsAhhwrrG/y3Cs0YMTv2WzMnL0oLPnQJjv1QJvEfylRSOFuP+xCu+tdx0tD16Q=="
    },
    "iron": {
      "version": "5.0.6",
      "resolved": "https://registry.npmjs.org/iron/-/iron-5.0.6.tgz",
      "integrity": "sha512-zYUMOSkEXGBdwlV/AXF9zJC0aLuTJUKHkGeYS5I2g225M5i6SrxQyGJGhPgOR8BK1omL6N5i6TcwfsXbP8/Exw==",
      "requires": {
        "b64": "4.x.x",
        "boom": "7.x.x",
        "cryptiles": "4.x.x",
        "hoek": "6.x.x"
      }
    },
    "is-dom": {
      "version": "1.0.9",
      "resolved": "https://registry.npmjs.org/is-dom/-/is-dom-1.0.9.tgz",
      "integrity": "sha1-SDgy1SlyBz3hK5/j9gMghw2oNw0=",
      "dev": true
    },
    "isemail": {
      "version": "3.2.0",
      "resolved": "https://registry.npmjs.org/isemail/-/isemail-3.2.0.tgz",
      "integrity": "sha512-zKqkK+O+dGqevc93KNsbZ/TqTUFd46MwWjYOoMrjIMZ51eU7DtQG3Wmd9SQQT7i7RVnuTPEiYEWHU3MSbxC1Tg==",
      "requires": {
        "punycode": "2.x.x"
      }
    },
    "joi": {
      "version": "14.3.1",
      "resolved": "https://registry.npmjs.org/joi/-/joi-14.3.1.tgz",
      "integrity": "sha512-LQDdM+pkOrpAn4Lp+neNIFV3axv1Vna3j38bisbQhETPMANYRbFJFUyOZcOClYvM/hppMhGWuKSFEK9vjrB+bQ==",
      "requires": {
        "hoek": "6.x.x",
        "isemail": "3.x.x",
        "topo": "3.x.x"
      }
    },
    "js-tokens": {
      "version": "4.0.0",
      "resolved": "https://registry.npmjs.org/js-tokens/-/js-tokens-4.0.0.tgz",
      "integrity": "sha512-RdJUflcE3cUzKiMqQgsCu06FPu9UdIJO0beYbPhHN4k6apgJtifcoCtT9bcxOpYBtpD2kCM6Sbzg4CausW/PKQ==",
      "dev": true
    },
    "lodash": {
      "version": "4.17.11",
      "resolved": "https://registry.npmjs.org/lodash/-/lodash-4.17.11.tgz",
      "integrity": "sha512-cQKh8igo5QUhZ7lg38DYWAxMvjSAKG0A8wGSVimP07SIUEK2UO+arSRKbRZWtelMtN5V0Hkwh5ryOto/SshYIg==",
      "dev": true
    },
    "loose-envify": {
      "version": "1.4.0",
      "resolved": "https://registry.npmjs.org/loose-envify/-/loose-envify-1.4.0.tgz",
      "integrity": "sha512-lyuxPGr/Wfhrlem2CL/UcnUc1zcqKAImBDzukY7Y5F/yQiNdko6+fRLevlw1HgMySw7f611UIY408EtxRSoK3Q==",
      "dev": true,
      "requires": {
        "js-tokens": "^3.0.0 || ^4.0.0"
      }
    },
    "marked": {
      "version": "0.5.2",
      "resolved": "https://registry.npmjs.org/marked/-/marked-0.5.2.tgz",
      "integrity": "sha512-fdZvBa7/vSQIZCi4uuwo2N3q+7jJURpMVCcbaX0S1Mg65WZ5ilXvC67MviJAsdjqqgD+CEq4RKo5AYGgINkVAA==",
      "dev": true
    },
    "mime-db": {
      "version": "1.37.0",
      "resolved": "https://registry.npmjs.org/mime-db/-/mime-db-1.37.0.tgz",
      "integrity": "sha512-R3C4db6bgQhlIhPU48fUtdVmKnflq+hRdad7IyKhtFj06VPNVdk2RhiYL3UjQIlso8L+YxAtFkobT0VK+S/ybg=="
    },
    "mimos": {
      "version": "4.0.2",
      "resolved": "https://registry.npmjs.org/mimos/-/mimos-4.0.2.tgz",
      "integrity": "sha512-5XBsDqBqzSN88XPPH/TFpOalWOjHJM5Z2d3AMx/30iq+qXvYKd/8MPhqBwZDOLtoaIWInR3nLzMQcxfGK9djXA==",
      "requires": {
        "hoek": "6.x.x",
        "mime-db": "1.x.x"
      }
    },
    "min-document": {
      "version": "2.19.0",
      "resolved": "https://registry.npmjs.org/min-document/-/min-document-2.19.0.tgz",
      "integrity": "sha1-e9KC4/WELtKVu3SM3Z8f+iyCRoU=",
      "dev": true,
      "requires": {
        "dom-walk": "^0.1.0"
      }
    },
    "nigel": {
      "version": "3.0.4",
      "resolved": "https://registry.npmjs.org/nigel/-/nigel-3.0.4.tgz",
      "integrity": "sha512-3SZCCS/duVDGxFpTROHEieC+itDo4UqL9JNUyQJv3rljudQbK6aqus5B4470OxhESPJLN93Qqxg16rH7DUjbfQ==",
      "requires": {
        "hoek": "6.x.x",
        "vise": "3.x.x"
      }
    },
    "object-assign": {
      "version": "4.1.1",
      "resolved": "https://registry.npmjs.org/object-assign/-/object-assign-4.1.1.tgz",
      "integrity": "sha1-IQmtx5ZYh8/AXLvUQsrIv7s2CGM=",
      "dev": true
    },
    "pez": {
      "version": "4.0.5",
      "resolved": "https://registry.npmjs.org/pez/-/pez-4.0.5.tgz",
      "integrity": "sha512-HvL8uiFIlkXbx/qw4B8jKDCWzo7Pnnd65Uvanf9OOCtb20MRcb9gtTVBf9NCnhETif1/nzbDHIjAWC/sUp7LIQ==",
      "requires": {
        "b64": "4.x.x",
        "boom": "7.x.x",
        "content": "4.x.x",
        "hoek": "6.x.x",
        "nigel": "3.x.x"
      }
    },
    "podium": {
      "version": "3.2.0",
      "resolved": "https://registry.npmjs.org/podium/-/podium-3.2.0.tgz",
      "integrity": "sha512-rbwvxwVkI6gRRlxZQ1zUeafrpGxZ7QPHIheinehAvGATvGIPfWRkaTeWedc5P4YjXJXEV8ZbBxPtglNylF9hjw==",
      "requires": {
        "hoek": "6.x.x",
        "joi": "14.x.x"
      }
    },
    "process": {
      "version": "0.5.2",
      "resolved": "https://registry.npmjs.org/process/-/process-0.5.2.tgz",
      "integrity": "sha1-FjjYqONML0QKkduVq5rrZ3/Bhc8=",
      "dev": true
    },
    "prop-types": {
      "version": "15.6.2",
      "resolved": "https://registry.npmjs.org/prop-types/-/prop-types-15.6.2.tgz",
      "integrity": "sha512-3pboPvLiWD7dkI3qf3KbUe6hKFKa52w+AE0VCqECtf+QHAKgOL37tTaNCnuX1nAAQ4ZhyP+kYVKf8rLmJ/feDQ==",
      "dev": true,
      "requires": {
        "loose-envify": "^1.3.1",
        "object-assign": "^4.1.1"
      }
    },
    "punycode": {
      "version": "2.1.1",
      "resolved": "https://registry.npmjs.org/punycode/-/punycode-2.1.1.tgz",
      "integrity": "sha512-XRsRjdf+j5ml+y/6GKHPZbrF/8p2Yga0JPtdqTIY2Xe5ohJPD9saDJJLPvp9+NSBprVvevdXZybnj2cv8OEd0A=="
    },
    "react": {
      "version": "16.7.0",
      "resolved": "https://registry.npmjs.org/react/-/react-16.7.0.tgz",
      "integrity": "sha512-StCz3QY8lxTb5cl2HJxjwLFOXPIFQp+p+hxQfc8WE0QiLfCtIlKj8/+5tjjKm8uSTlAW+fCPaavGFS06V9Ar3A==",
      "dev": true,
      "requires": {
        "loose-envify": "^1.1.0",
        "object-assign": "^4.1.1",
        "prop-types": "^15.6.2",
        "scheduler": "^0.12.0"
      }
    },
    "react-dom": {
      "version": "16.7.0",
      "resolved": "https://registry.npmjs.org/react-dom/-/react-dom-16.7.0.tgz",
      "integrity": "sha512-D0Ufv1ExCAmF38P2Uh1lwpminZFRXEINJe53zRAbm4KPwSyd6DY/uDoS0Blj9jvPpn1+wivKpZYc8aAAN/nAkg==",
      "dev": true,
      "requires": {
        "loose-envify": "^1.1.0",
        "object-assign": "^4.1.1",
        "prop-types": "^15.6.2",
        "scheduler": "^0.12.0"
      }
    },
    "react-inspector": {
      "version": "2.3.1",
      "resolved": "https://registry.npmjs.org/react-inspector/-/react-inspector-2.3.1.tgz",
      "integrity": "sha512-tUUK7t3KWgZEIUktOYko5Ic/oYwvjEvQUFAGC1UeMeDaQ5za2yZFtItJa2RTwBJB//NxPr000WQK6sEbqC6y0Q==",
      "dev": true,
      "requires": {
        "babel-runtime": "^6.26.0",
        "is-dom": "^1.0.9",
        "prop-types": "^15.6.1"
      }
    },
    "react-lifecycles-compat": {
      "version": "3.0.4",
      "resolved": "https://registry.npmjs.org/react-lifecycles-compat/-/react-lifecycles-compat-3.0.4.tgz",
      "integrity": "sha512-fBASbA6LnOU9dOU2eW7aQ8xmYBSXUIWr+UmF9b1efZBazGNO+rcXT/icdKnYm2pTwcRylVUYwW7H1PHfLekVzA==",
      "dev": true
    },
    "react-split-pane": {
      "version": "0.1.85",
      "resolved": "https://registry.npmjs.org/react-split-pane/-/react-split-pane-0.1.85.tgz",
      "integrity": "sha512-3GhaYs6+eVNrewgN4eQKJoNMQ4pcegNMTMhR5bO/NFO91K6/98qdD1sCuWPpsefCjzxNTjkvVYWQC0bMaC45mA==",
      "dev": true,
      "requires": {
        "prop-types": "^15.5.10",
        "react": "^16.6.3",
        "react-dom": "^16.6.3",
        "react-lifecycles-compat": "^3.0.4",
        "react-style-proptype": "^3.0.0"
      }
    },
    "react-style-proptype": {
      "version": "3.2.2",
      "resolved": "https://registry.npmjs.org/react-style-proptype/-/react-style-proptype-3.2.2.tgz",
      "integrity": "sha512-ywYLSjNkxKHiZOqNlso9PZByNEY+FTyh3C+7uuziK0xFXu9xzdyfHwg4S9iyiRRoPCR4k2LqaBBsWVmSBwCWYQ==",
      "dev": true,
      "requires": {
        "prop-types": "^15.5.4"
      }
    },
    "react-textarea-autosize": {
      "version": "7.1.0",
      "resolved": "https://registry.npmjs.org/react-textarea-autosize/-/react-textarea-autosize-7.1.0.tgz",
      "integrity": "sha512-c2FlR/fP0qbxmlrW96SdrbgP/v0XZMTupqB90zybvmDVDutytUgPl7beU35klwcTeMepUIQEpQUn3P3bdshGPg==",
      "dev": true,
      "requires": {
        "@babel/runtime": "^7.1.2",
        "prop-types": "^15.6.0"
      }
    },
    "regenerator-runtime": {
      "version": "0.11.1",
      "resolved": "https://registry.npmjs.org/regenerator-runtime/-/regenerator-runtime-0.11.1.tgz",
      "integrity": "sha512-MguG95oij0fC3QV3URf4V2SDYGJhJnJGqvIIgdECeODCT98wSWDAJ94SSuVpYQUoTcGUIL6L4yNB7j1DFFHSBg==",
      "dev": true
    },
    "render-fragment": {
      "version": "0.1.1",
      "resolved": "https://registry.npmjs.org/render-fragment/-/render-fragment-0.1.1.tgz",
      "integrity": "sha512-+DnAcalJYR8GE5VRuQGGu78Q0GDe8EXnkuk4DF8gbAhIeS6LRt4j+aaggLLj4PtQVfXNC61McXvXI58WqmRleQ==",
      "dev": true
    },
    "scheduler": {
      "version": "0.12.0",
      "resolved": "https://registry.npmjs.org/scheduler/-/scheduler-0.12.0.tgz",
      "integrity": "sha512-t7MBR28Akcp4Jm+QoR63XgAi9YgCUmgvDHqf5otgAj4QvdoBE4ImCX0ffehefePPG+aitiYHp0g/mW6s4Tp+dw==",
      "dev": true,
      "requires": {
        "loose-envify": "^1.1.0",
        "object-assign": "^4.1.1"
      }
    },
    "shot": {
      "version": "4.0.7",
      "resolved": "https://registry.npmjs.org/shot/-/shot-4.0.7.tgz",
      "integrity": "sha512-RKaKAGKxJ11EjJl0cf2fYVSsd4KB5Cncb9J0v7w+0iIaXpxNqFWTYNDNhBX7f0XSyDrjOH9a4OWZ9Gp/ZML+ew==",
      "requires": {
        "hoek": "6.x.x",
        "joi": "14.x.x"
      }
    },
    "somever": {
      "version": "2.0.0",
      "resolved": "https://registry.npmjs.org/somever/-/somever-2.0.0.tgz",
      "integrity": "sha512-9JaIPP+HxwYGqCDqqK3tRaTqdtQHoK6Qy3IrXhIt2q5x8fs8RcfU7BMWlFTCOgFazK8p88zIv1tHQXvAwtXMyw==",
      "requires": {
        "bounce": "1.x.x",
        "hoek": "6.x.x"
      }
    },
    "statehood": {
      "version": "6.0.8",
      "resolved": "https://registry.npmjs.org/statehood/-/statehood-6.0.8.tgz",
      "integrity": "sha512-/uk2Iq5VXCAGmYnRTjez6gDfU8fROm1Um5WH2C9aNCdG7DAqD94dqZgeuqXrvVFnfDqxAtorUBLUtD9El/uJ6w==",
      "requires": {
        "boom": "7.x.x",
        "bounce": "1.x.x",
        "cryptiles": "4.x.x",
        "hoek": "6.x.x",
        "iron": "5.x.x",
        "joi": "14.x.x"
      }
    },
    "subtext": {
      "version": "6.0.11",
      "resolved": "https://registry.npmjs.org/subtext/-/subtext-6.0.11.tgz",
      "integrity": "sha512-jap1ev33dbVTBPxpIyJ5OvD9/J4oWlx1qHQ8bBnKpiwItxXt3+7tvmNZqZeTEQVTjvkReHY1ZnP/7iltNdGnOA==",
      "requires": {
        "boom": "7.x.x",
        "content": "4.x.x",
        "hoek": "6.x.x",
        "pez": "4.x.x",
        "wreck": "14.x.x"
      }
    },
    "teamwork": {
      "version": "3.0.3",
      "resolved": "https://registry.npmjs.org/teamwork/-/teamwork-3.0.3.tgz",
      "integrity": "sha512-OCB56z+G70iA1A1OFoT+51TPzfcgN0ks75uN3yhxA+EU66WTz2BevNDK4YzMqfaL5tuAvxy4iFUn35/u8pxMaQ=="
    },
    "topo": {
      "version": "3.0.3",
      "resolved": "https://registry.npmjs.org/topo/-/topo-3.0.3.tgz",
      "integrity": "sha512-IgpPtvD4kjrJ7CRA3ov2FhWQADwv+Tdqbsf1ZnPUSAtCJ9e1Z44MmoSGDXGk4IppoZA7jd/QRkNddlLJWlUZsQ==",
      "requires": {
        "hoek": "6.x.x"
      }
    },
    "util-deprecate": {
      "version": "1.0.2",
      "resolved": "https://registry.npmjs.org/util-deprecate/-/util-deprecate-1.0.2.tgz",
      "integrity": "sha1-RQ1Nyfpw3nMnYvvS1KKJgUGaDM8=",
      "dev": true
    },
    "vise": {
      "version": "3.0.2",
      "resolved": "https://registry.npmjs.org/vise/-/vise-3.0.2.tgz",
      "integrity": "sha512-X52VtdRQbSBXdjcazRiY3eRgV3vTQ0B+7Wh8uC9cVv7lKfML5m9+9NHlbcgCY0R9EAqD1v/v7o9mhGh2A3ANFg==",
      "requires": {
        "hoek": "6.x.x"
      }
    },
    "wreck": {
      "version": "14.1.3",
      "resolved": "https://registry.npmjs.org/wreck/-/wreck-14.1.3.tgz",
      "integrity": "sha512-hb/BUtjX3ObbwO3slCOLCenQ4EP8e+n8j6FmTne3VhEFp5XV1faSJojiyxVSvw34vgdeTG5baLTl4NmjwokLlw==",
      "requires": {
        "boom": "7.x.x",
        "hoek": "6.x.x"
      }
    },
    "yarn": {
      "version": "1.12.3",
      "dev": true
    }
  }
}
